{
  "version": 4,
  "terraform_version": "0.12.6",
  "serial": 50,
  "lineage": "8004a3a9-27ce-c753-6733-4902b18d5af5",
  "outputs": {},
  "resources": [
    {
      "mode": "managed",
      "type": "aws_ami_from_instance",
      "name": "example",
      "provider": "provider.aws",
      "instances": [
        {
          "schema_version": 0,
          "attributes": {
            "architecture": "x86_64",
            "description": "",
            "ebs_block_device": [
              {
                "delete_on_termination": true,
                "device_name": "/dev/sda1",
                "encrypted": false,
                "iops": 0,
                "snapshot_id": "snap-0b9579ba365c7dbf3",
                "volume_size": 8,
                "volume_type": "gp2"
              }
            ],
            "ena_support": true,
            "ephemeral_block_device": [
              {
                "device_name": "/dev/sdb",
                "virtual_name": "ephemeral0"
              },
              {
                "device_name": "/dev/sdc",
                "virtual_name": "ephemeral1"
              }
            ],
            "id": "ami-0c0ddab35402a4ba0",
            "image_location": "505725187092/terraform-example",
            "kernel_id": "",
            "manage_ebs_snapshots": true,
            "name": "terraform-example",
            "ramdisk_id": "",
            "root_device_name": "/dev/sda1",
            "root_snapshot_id": "snap-0b9579ba365c7dbf3",
            "snapshot_without_reboot": null,
            "source_instance_id": "i-0bfac595a80516b57",
            "sriov_net_support": "simple",
            "tags": null,
            "timeouts": null,
            "virtualization_type": "hvm"
          },
          "private": "eyJlMmJmYjczMC1lY2FhLTExZTYtOGY4OC0zNDM2M2JjN2M0YzAiOnsiY3JlYXRlIjoyNDAwMDAwMDAwMDAwLCJkZWxldGUiOjU0MDAwMDAwMDAwMDAsInVwZGF0ZSI6MjQwMDAwMDAwMDAwMH19"
        }
      ]
    },
    {
      "module": "module.asg",
      "mode": "managed",
      "type": "aws_autoscaling_group",
      "name": "this",
      "each": "list",
      "provider": "provider.aws",
      "instances": [
        {
          "index_key": 0,
          "schema_version": 0,
          "attributes": {
            "arn": "arn:aws:autoscaling:us-east-1:505725187092:autoScalingGroup:a31f006e-e185-47eb-8efa-be322a5927c9:autoScalingGroupName/example-asg-20190923092253935900000002",
            "availability_zones": [
              "us-east-1a",
              "us-east-1b",
              "us-east-1c"
            ],
            "default_cooldown": 300,
            "desired_capacity": 3,
            "enabled_metrics": [
              "GroupDesiredCapacity",
              "GroupInServiceInstances",
              "GroupMaxSize",
              "GroupMinSize",
              "GroupPendingInstances",
              "GroupStandbyInstances",
              "GroupTerminatingInstances",
              "GroupTotalInstances"
            ],
            "force_delete": false,
            "health_check_grace_period": 300,
            "health_check_type": "EC2",
            "id": "example-asg-20190923092253935900000002",
            "initial_lifecycle_hook": [],
            "launch_configuration": "example-lc-20190923092249208200000001",
            "launch_template": [],
            "load_balancers": [],
            "max_size": 5,
            "metrics_granularity": "1Minute",
            "min_elb_capacity": 0,
            "min_size": 3,
            "mixed_instances_policy": [],
            "name": "example-asg-20190923092253935900000002",
            "name_prefix": "example-asg-",
            "placement_group": "",
            "protect_from_scale_in": false,
            "service_linked_role_arn": "arn:aws:iam::505725187092:role/aws-service-role/autoscaling.amazonaws.com/AWSServiceRoleForAutoScaling",
            "suspended_processes": null,
            "tag": [],
            "tags": [
              {
                "key": "Name",
                "propagate_at_launch": "true",
                "value": "service"
              },
              {
                "key": "Environment",
                "propagate_at_launch": "true",
                "value": "dev"
              },
              {
                "key": "Project",
                "propagate_at_launch": "true",
                "value": "megasecret"
              },
              {
                "key": "extra_tag1",
                "propagate_at_launch": "true",
                "value": "extra_value1"
              },
              {
                "key": "extra_tag2",
                "propagate_at_launch": "true",
                "value": "extra_value2"
              }
            ],
            "target_group_arns": [],
            "termination_policies": [
              "Default"
            ],
            "timeouts": null,
            "vpc_zone_identifier": [
              "subnet-010d867ff5b83b992",
              "subnet-08b08b696533d52b1",
              "subnet-0a24b49ab512fe45c"
            ],
            "wait_for_capacity_timeout": "0",
            "wait_for_elb_capacity": null
          },
          "private": "eyJlMmJmYjczMC1lY2FhLTExZTYtOGY4OC0zNDM2M2JjN2M0YzAiOnsiZGVsZXRlIjo2MDAwMDAwMDAwMDB9fQ==",
          "depends_on": [
            "aws_launch_configuration.this",
            "random_pet.asg_name"
          ]
        }
      ]
    },
    {
      "module": "module.asg",
      "mode": "managed",
      "type": "aws_autoscaling_group",
      "name": "this_with_initial_lifecycle_hook",
      "each": "list",
      "provider": "provider.aws",
      "instances": []
    },
    {
      "module": "module.asg",
      "mode": "managed",
      "type": "aws_launch_configuration",
      "name": "this",
      "each": "list",
      "provider": "provider.aws",
      "instances": [
        {
          "index_key": 0,
          "schema_version": 0,
          "attributes": {
            "associate_public_ip_address": false,
            "ebs_block_device": [
              {
                "delete_on_termination": true,
                "device_name": "/dev/xvdz",
                "encrypted": false,
                "iops": 0,
                "no_device": false,
                "snapshot_id": "",
                "volume_size": 50,
                "volume_type": "gp2"
              }
            ],
            "ebs_optimized": false,
            "enable_monitoring": true,
            "ephemeral_block_device": [],
            "iam_instance_profile": "",
            "id": "example-lc-20190923092249208200000001",
            "image_id": "ami-0c0ddab35402a4ba0",
            "instance_type": "t2.micro",
            "key_name": "",
            "name": "example-lc-20190923092249208200000001",
            "name_prefix": "example-lc-",
            "placement_tenancy": "default",
            "root_block_device": [
              {
                "delete_on_termination": true,
                "encrypted": false,
                "iops": 0,
                "volume_size": 50,
                "volume_type": "gp2"
              }
            ],
            "security_groups": [
              "sg-0e2f4798cc354aabb"
            ],
            "spot_price": "",
            "user_data": "b858cb282617fb0956d960215c8e84d1ccf909c6",
            "user_data_base64": null,
            "vpc_classic_link_id": "",
            "vpc_classic_link_security_groups": null
          },
          "private": "bnVsbA=="
        }
      ]
    },
    {
      "module": "module.asg",
      "mode": "managed",
      "type": "null_resource",
      "name": "tags_as_list_of_maps",
      "each": "list",
      "provider": "provider.null",
      "instances": [
        {
          "index_key": 0,
          "schema_version": 0,
          "attributes": {
            "id": "860272176910742477",
            "triggers": {
              "key": "extra_tag1",
              "propagate_at_launch": "true",
              "value": "extra_value1"
            }
          },
          "private": "bnVsbA=="
        },
        {
          "index_key": 1,
          "schema_version": 0,
          "attributes": {
            "id": "3763166753093423688",
            "triggers": {
              "key": "extra_tag2",
              "propagate_at_launch": "true",
              "value": "extra_value2"
            }
          },
          "private": "bnVsbA=="
        }
      ]
    },
    {
      "module": "module.asg",
      "mode": "managed",
      "type": "random_pet",
      "name": "asg_name",
      "each": "list",
      "provider": "provider.random",
      "instances": []
    }
  ]
}
